
Microsoft Visual Studio Solution File, Format Version 12.00
# Visual Studio Version 17
VisualStudioVersion = 17.3.32929.385
MinimumVisualStudioVersion = 10.0.40219.1
Project("{9A19103F-16F7-4668-BE54-9A1E7A4F7556}") = "AoC2022Console", "AoC2022Console\AoC2022Console.csproj", "{280911BD-0157-4350-8D95-AA06378EE437}"
EndProject
Project("{FAE04EC0-301F-11D3-BF4B-00C04F79EFBC}") = "AoC2022", "AoC2022\AoC2022.csproj", "{140FA2AA-8240-4A0A-8952-74F771854573}"
EndProject
Project("{FAE04EC0-301F-11D3-BF4B-00C04F79EFBC}") = "AoC2022.SpecFlowTests", "AoC2022.SpecFlowTests\AoC2022.SpecFlowTests.csproj", "{0B0494DB-9A9E-417B-91B8-59B4306D83CE}"
EndProject
Project("{FAE04EC0-301F-11D3-BF4B-00C04F79EFBC}") = "AoC2022.Tests", "AoC2022.Tests\AoC2022.Tests.csproj", "{403A4FAE-72EE-4FC3-AA4E-5E288F269D4E}"
EndProject
Global
	GlobalSection(SolutionConfigurationPlatforms) = preSolution
		Debug|Any CPU = Debug|Any CPU
		Release|Any CPU = Release|Any CPU
	EndGlobalSection
	GlobalSection(ProjectConfigurationPlatforms) = postSolution
		{280911BD-0157-4350-8D95-AA06378EE437}.Debug|Any CPU.ActiveCfg = Debug|Any CPU
		{280911BD-0157-4350-8D95-AA06378EE437}.Debug|Any CPU.Build.0 = Debug|Any CPU
		{280911BD-0157-4350-8D95-AA06378EE437}.Release|Any CPU.ActiveCfg = Release|Any CPU
		{280911BD-0157-4350-8D95-AA06378EE437}.Release|Any CPU.Build.0 = Release|Any CPU
		{140FA2AA-8240-4A0A-8952-74F771854573}.Debug|Any CPU.ActiveCfg = Debug|Any CPU
		{140FA2AA-8240-4A0A-8952-74F771854573}.Debug|Any CPU.Build.0 = Debug|Any CPU
		{140FA2AA-8240-4A0A-8952-74F771854573}.Release|Any CPU.ActiveCfg = Release|Any CPU
		{140FA2AA-8240-4A0A-8952-74F771854573}.Release|Any CPU.Build.0 = Release|Any CPU
		{0B0494DB-9A9E-417B-91B8-59B4306D83CE}.Debug|Any CPU.ActiveCfg = Debug|Any CPU
		{0B0494DB-9A9E-417B-91B8-59B4306D83CE}.Debug|Any CPU.Build.0 = Debug|Any CPU
		{0B0494DB-9A9E-417B-91B8-59B4306D83CE}.Release|Any CPU.ActiveCfg = Release|Any CPU
		{0B0494DB-9A9E-417B-91B8-59B4306D83CE}.Release|Any CPU.Build.0 = Release|Any CPU
		{403A4FAE-72EE-4FC3-AA4E-5E288F269D4E}.Debug|Any CPU.ActiveCfg = Debug|Any CPU
		{403A4FAE-72EE-4FC3-AA4E-5E288F269D4E}.Debug|Any CPU.Build.0 = Debug|Any CPU
		{403A4FAE-72EE-4FC3-AA4E-5E288F269D4E}.Release|Any CPU.ActiveCfg = Release|Any CPU
		{403A4FAE-72EE-4FC3-AA4E-5E288F269D4E}.Release|Any CPU.Build.0 = Release|Any CPU
	EndGlobalSection
	GlobalSection(SolutionProperties) = preSolution
		HideSolutionNode = FALSE
	EndGlobalSection
	GlobalSection(ExtensibilityGlobals) = postSolution
		SolutionGuid = {493CF521-B92F-4B9E-9DDA-1362732C3822}
	EndGlobalSection
EndGlobal
